
Microsoft Visual Studio Solution File, Format Version 12.00
# Visual Studio Version 16
VisualStudioVersion = 16.0.29318.209
MinimumVisualStudioVersion = 10.0.40219.1
Project("{FAE04EC0-301F-11D3-BF4B-00C04F79EFBC}") = "Bigil", "Bigil\Bigil.csproj", "{216CAC59-175B-4228-8152-89C691C8AC46}"
EndProject
Global
	GlobalSection(SolutionConfigurationPlatforms) = preSolution
		Debug|Any CPU = Debug|Any CPU
		Release|Any CPU = Release|Any CPU
	EndGlobalSection
	GlobalSection(ProjectConfigurationPlatforms) = postSolution
		{216CAC59-175B-4228-8152-89C691C8AC46}.Debug|Any CPU.ActiveCfg = Debug|Any CPU
		{216CAC59-175B-4228-8152-89C691C8AC46}.Debug|Any CPU.Build.0 = Debug|Any CPU
		{216CAC59-175B-4228-8152-89C691C8AC46}.Release|Any CPU.ActiveCfg = Release|Any CPU
		{216CAC59-175B-4228-8152-89C691C8AC46}.Release|Any CPU.Build.0 = Release|Any CPU
	EndGlobalSection
	GlobalSection(SolutionProperties) = preSolution
		HideSolutionNode = FALSE
	EndGlobalSection
	GlobalSection(ExtensibilityGlobals) = postSolution
		SolutionGuid = {5B83204A-72D2-41FD-9A73-5FB183C1D5F2}
	EndGlobalSection
EndGlobal
